
Microsoft Visual Studio Solution File, Format Version 12.00
# Visual Studio Version 16
VisualStudioVersion = 16.0.30804.86
MinimumVisualStudioVersion = 10.0.40219.1
Project("{8BC9CEB8-8B4A-11D0-8D11-00A0C91BC942}") = "OOP_2.5", "OOP_2.5\OOP_2.5.vcxproj", "{5EFF2A20-6413-442A-86CD-F8066F127ABE}"
EndProject
Project("{8BC9CEB8-8B4A-11D0-8D11-00A0C91BC942}") = "UnitTest1", "UnitTest1\UnitTest1.vcxproj", "{014D139E-A62D-4226-A696-E17C083E1AAA}"
EndProject
Global
	GlobalSection(SolutionConfigurationPlatforms) = preSolution
		Debug|x64 = Debug|x64
		Debug|x86 = Debug|x86
		Release|x64 = Release|x64
		Release|x86 = Release|x86
	EndGlobalSection
	GlobalSection(ProjectConfigurationPlatforms) = postSolution
		{5EFF2A20-6413-442A-86CD-F8066F127ABE}.Debug|x64.ActiveCfg = Debug|x64
		{5EFF2A20-6413-442A-86CD-F8066F127ABE}.Debug|x64.Build.0 = Debug|x64
		{5EFF2A20-6413-442A-86CD-F8066F127ABE}.Debug|x86.ActiveCfg = Debug|Win32
		{5EFF2A20-6413-442A-86CD-F8066F127ABE}.Debug|x86.Build.0 = Debug|Win32
		{5EFF2A20-6413-442A-86CD-F8066F127ABE}.Release|x64.ActiveCfg = Release|x64
		{5EFF2A20-6413-442A-86CD-F8066F127ABE}.Release|x64.Build.0 = Release|x64
		{5EFF2A20-6413-442A-86CD-F8066F127ABE}.Release|x86.ActiveCfg = Release|Win32
		{5EFF2A20-6413-442A-86CD-F8066F127ABE}.Release|x86.Build.0 = Release|Win32
		{014D139E-A62D-4226-A696-E17C083E1AAA}.Debug|x64.ActiveCfg = Debug|x64
		{014D139E-A62D-4226-A696-E17C083E1AAA}.Debug|x64.Build.0 = Debug|x64
		{014D139E-A62D-4226-A696-E17C083E1AAA}.Debug|x86.ActiveCfg = Debug|Win32
		{014D139E-A62D-4226-A696-E17C083E1AAA}.Debug|x86.Build.0 = Debug|Win32
		{014D139E-A62D-4226-A696-E17C083E1AAA}.Release|x64.ActiveCfg = Release|x64
		{014D139E-A62D-4226-A696-E17C083E1AAA}.Release|x64.Build.0 = Release|x64
		{014D139E-A62D-4226-A696-E17C083E1AAA}.Release|x86.ActiveCfg = Release|Win32
		{014D139E-A62D-4226-A696-E17C083E1AAA}.Release|x86.Build.0 = Release|Win32
	EndGlobalSection
	GlobalSection(SolutionProperties) = preSolution
		HideSolutionNode = FALSE
	EndGlobalSection
	GlobalSection(ExtensibilityGlobals) = postSolution
		SolutionGuid = {36B93418-F06C-4581-9F00-6AA8840FC39F}
	EndGlobalSection
EndGlobal
